dependencies:
- name: argo-workflows
  repository: https://argoproj.github.io/argo-helm
  version: 0.45.28
- name: rustfs
  repository: https://charts.rustfs.com
  version: 1.0.0-rc.3
digest: sha256:6bb90e02e93341f327513a34823f2f5cc3179cbf83de115c5abd687897d3fdd3
generated: "2026-08-25T08:58:04.853508602+01:00"
